
Microsoft Visual Studio Solution File, Format Version 12.00
# Visual Studio Version 17
VisualStudioVersion = 17.11.35208.52
MinimumVisualStudioVersion = 10.0.40219.1
Project("{FAE04EC0-301F-11D3-BF4B-00C04F79EFBC}") = "AguilarJEvaluacionP2", "AguilarJEvaluacionP2\AguilarJEvaluacionP2.csproj", "{2CF8E3C6-3EBE-47DF-B71F-F55DF08FFFF2}"
EndProject
Global
	GlobalSection(SolutionConfigurationPlatforms) = preSolution
		Debug|Any CPU = Debug|Any CPU
		Release|Any CPU = Release|Any CPU
	EndGlobalSection
	GlobalSection(ProjectConfigurationPlatforms) = postSolution
		{2CF8E3C6-3EBE-47DF-B71F-F55DF08FFFF2}.Debug|Any CPU.ActiveCfg = Debug|Any CPU
		{2CF8E3C6-3EBE-47DF-B71F-F55DF08FFFF2}.Debug|Any CPU.Build.0 = Debug|Any CPU
		{2CF8E3C6-3EBE-47DF-B71F-F55DF08FFFF2}.Debug|Any CPU.Deploy.0 = Debug|Any CPU
		{2CF8E3C6-3EBE-47DF-B71F-F55DF08FFFF2}.Release|Any CPU.ActiveCfg = Release|Any CPU
		{2CF8E3C6-3EBE-47DF-B71F-F55DF08FFFF2}.Release|Any CPU.Build.0 = Release|Any CPU
		{2CF8E3C6-3EBE-47DF-B71F-F55DF08FFFF2}.Release|Any CPU.Deploy.0 = Release|Any CPU
	EndGlobalSection
	GlobalSection(SolutionProperties) = preSolution
		HideSolutionNode = FALSE
	EndGlobalSection
	GlobalSection(ExtensibilityGlobals) = postSolution
		SolutionGuid = {1F53B252-0CFE-4498-8667-0EE70437FC0B}
	EndGlobalSection
EndGlobal
